// !$*UTF8*$!
{
	archiveVersion = 1;
	classes = {
	};
	objectVersion = 50;
	objects = {

/* Begin PBXBuildFile section */
		03D6454A24A58F5D005FE6CD /* AppDelegate.m in Sources */ = {isa = PBXBuildFile; fileRef = 03D6454924A58F5D005FE6CD /* AppDelegate.m */; };
		03D6454D24A58F5D005FE6CD /* SceneDelegate.m in Sources */ = {isa = PBXBuildFile; fileRef = 03D6454C24A58F5D005FE6CD /* SceneDelegate.m */; };
		03D6455024A58F5D005FE6CD /* ViewController.m in Sources */ = {isa = PBXBuildFile; fileRef = 03D6454F24A58F5D005FE6CD /* ViewController.m */; };
		03D6455324A58F5D005FE6CD /* Main.storyboard in Resources */ = {isa = PBXBuildFile; fileRef = 03D6455124A58F5D005FE6CD /* Main.storyboard */; };
		03D6455524A58F5F005FE6CD /* Assets.xcassets in Resources */ = {isa = PBXBuildFile; fileRef = 03D6455424A58F5F005FE6CD /* Assets.xcassets */; };
		03D6455824A58F5F005FE6CD /* LaunchScreen.storyboard in Resources */ = {isa = PBXBuildFile; fileRef = 03D6455624A58F5F005FE6CD /* LaunchScreen.storyboard */; };
		03D6455B24A58F5F005FE6CD /* main.m in Sources */ = {isa = PBXBuildFile; fileRef = 03D6455A24A58F5F005FE6CD /* main.m */; };
		03D6456524A58F5F005FE6CD /* NativeDemoTests.m in Sources */ = {isa = PBXBuildFile; fileRef = 03D6456424A58F5F005FE6CD /* NativeDemoTests.m */; };
		03D6457024A58F5F005FE6CD /* NativeDemoUITests.m in Sources */ = {isa = PBXBuildFile; fileRef = 03D6456F24A58F5F005FE6CD /* NativeDemoUITests.m */; };
		1E6BC82820102A01DE07C09D /* Pods_NativeDemo.framework in Frameworks */ = {isa = PBXBuildFile; fileRef = 874896BD6BBB35FFB321AC2D /* Pods_NativeDemo.framework */; };
/* End PBXBuildFile section */

/* Begin PBXContainerItemProxy section */
		03D6456124A58F5F005FE6CD /* PBXContainerItemProxy */ = {
			isa = PBXContainerItemProxy;
			containerPortal = 03D6453D24A58F5D005FE6CD /* Project object */;
			proxyType = 1;
			remoteGlobalIDString = 03D6454424A58F5D005FE6CD;
			remoteInfo = NativeDemo;
		};
		03D6456C24A58F5F005FE6CD /* PBXContainerItemProxy */ = {
			isa = PBXContainerItemProxy;
			containerPortal = 03D6453D24A58F5D005FE6CD /* Project object */;
			proxyType = 1;
			remoteGlobalIDString = 03D6454424A58F5D005FE6CD;
			remoteInfo = NativeDemo;
		};
/* End PBXContainerItemProxy section */

/* Begin PBXFileReference section */
		03D6454524A58F5D005FE6CD /* NativeDemo.app */ = {isa = PBXFileReference; explicitFileType = wrapper.application; includeInIndex = 0; path = NativeDemo.app; sourceTree = BUILT_PRODUCTS_DIR; };
		03D6454824A58F5D005FE6CD /* AppDelegate.h */ = {isa = PBXFileReference; lastKnownFileType = sourcecode.c.h; path = AppDelegate.h; sourceTree = "<group>"; };
		03D6454924A58F5D005FE6CD /* AppDelegate.m */ = {isa = PBXFileReference; lastKnownFileType = sourcecode.c.objc; path = AppDelegate.m; sourceTree = "<group>"; };
		03D6454B24A58F5D005FE6CD /* SceneDelegate.h */ = {isa = PBXFileReference; lastKnownFileType = sourcecode.c.h; path = SceneDelegate.h; sourceTree = "<group>"; };
		03D6454C24A58F5D005FE6CD /* SceneDelegate.m */ = {isa = PBXFileReference; lastKnownFileType = sourcecode.c.objc; path = SceneDelegate.m; sourceTree = "<group>"; };
		03D6454E24A58F5D005FE6CD /* ViewController.h */ = {isa = PBXFileReference; lastKnownFileType = sourcecode.c.h; path = ViewController.h; sourceTree = "<group>"; };
		03D6454F24A58F5D005FE6CD /* ViewController.m */ = {isa = PBXFileReference; lastKnownFileType = sourcecode.c.objc; path = ViewController.m; sourceTree = "<group>"; };
		03D6455224A58F5D005FE6CD /* Base */ = {isa = PBXFileReference; lastKnownFileType = file.storyboard; name = Base; path = Base.lproj/Main.storyboard; sourceTree = "<group>"; };
		03D6455424A58F5F005FE6CD /* Assets.xcassets */ = {isa = PBXFileReference; lastKnownFileType = folder.assetcatalog; path = Assets.xcassets; sourceTree = "<group>"; };
		03D6455724A58F5F005FE6CD /* Base */ = {isa = PBXFileReference; lastKnownFileType = file.storyboard; name = Base; path = Base.lproj/LaunchScreen.storyboard; sourceTree = "<group>"; };
		03D6455924A58F5F005FE6CD /* Info.plist */ = {isa = PBXFileReference; lastKnownFileType = text.plist.xml; path = Info.plist; sourceTree = "<group>"; };
		03D6455A24A58F5F005FE6CD /* main.m */ = {isa = PBXFileReference; lastKnownFileType = sourcecode.c.objc; path = main.m; sourceTree = "<group>"; };
		03D6456024A58F5F005FE6CD /* NativeDemoTests.xctest */ = {isa = PBXFileReference; explicitFileType = wrapper.cfbundle; includeInIndex = 0; path = NativeDemoTests.xctest; sourceTree = BUILT_PRODUCTS_DIR; };
		03D6456424A58F5F005FE6CD /* NativeDemoTests.m */ = {isa = PBXFileReference; lastKnownFileType = sourcecode.c.objc; path = NativeDemoTests.m; sourceTree = "<group>"; };
		03D6456624A58F5F005FE6CD /* Info.plist */ = {isa = PBXFileReference; lastKnownFileType = text.plist.xml; path = Info.plist; sourceTree = "<group>"; };
		03D6456B24A58F5F005FE6CD /* NativeDemoUITests.xctest */ = {isa = PBXFileReference; explicitFileType = wrapper.cfbundle; includeInIndex = 0; path = NativeDemoUITests.xctest; sourceTree = BUILT_PRODUCTS_DIR; };
		03D6456F24A58F5F005FE6CD /* NativeDemoUITests.m */ = {isa = PBXFileReference; lastKnownFileType = sourcecode.c.objc; path = NativeDemoUITests.m; sourceTree = "<group>"; };
		03D6457124A58F5F005FE6CD /* Info.plist */ = {isa = PBXFileReference; lastKnownFileType = text.plist.xml; path = Info.plist; sourceTree = "<group>"; };
		18E5A6F55B252B21DEC4B8E0 /* Pods-NativeDemo.release.xcconfig */ = {isa = PBXFileReference; includeInIndex = 1; lastKnownFileType = text.xcconfig; name = "Pods-NativeDemo.release.xcconfig"; path = "Target Support Files/Pods-NativeDemo/Pods-NativeDemo.release.xcconfig"; sourceTree = "<group>"; };
		1D320A88223E682C017B3D04 /* Pods-NativeDemo.debug.xcconfig */ = {isa = PBXFileReference; includeInIndex = 1; lastKnownFileType = text.xcconfig; name = "Pods-NativeDemo.debug.xcconfig"; path = "Target Support Files/Pods-NativeDemo/Pods-NativeDemo.debug.xcconfig"; sourceTree = "<group>"; };
		874896BD6BBB35FFB321AC2D /* Pods_NativeDemo.framework */ = {isa = PBXFileReference; explicitFileType = wrapper.framework; includeInIndex = 0; path = Pods_NativeDemo.framework; sourceTree = BUILT_PRODUCTS_DIR; };
/* End PBXFileReference section */

/* Begin PBXFrameworksBuildPhase section */
		03D6454224A58F5D005FE6CD /* Frameworks */ = {
			isa = PBXFrameworksBuildPhase;
			buildActionMask = 2147483647;
			files = (
				1E6BC82820102A01DE07C09D /* Pods_NativeDemo.framework in Frameworks */,
			);
			runOnlyForDeploymentPostprocessing = 0;
		};
		03D6455D24A58F5F005FE6CD /* Frameworks */ = {
			isa = PBXFrameworksBuildPhase;
			buildActionMask = 2147483647;
			files = (
			);
			runOnlyForDeploymentPostprocessing = 0;
		};
		03D6456824A58F5F005FE6CD /* Frameworks */ = {
			isa = PBXFrameworksBuildPhase;
			buildActionMask = 2147483647;
			files = (
			);
			runOnlyForDeploymentPostprocessing = 0;
		};
/* End PBXFrameworksBuildPhase section */

/* Begin PBXGroup section */
		03D6453C24A58F5D005FE6CD = {
			isa = PBXGroup;
			children = (
				03D6454724A58F5D005FE6CD /* NativeDemo */,
				03D6456324A58F5F005FE6CD /* NativeDemoTests */,
				03D6456E24A58F5F005FE6CD /* NativeDemoUITests */,
				03D6454624A58F5D005FE6CD /* Products */,
				EC448EBCA8DDEF979D39E2A7 /* Pods */,
				37020A800EAAF9EF363A3CD0 /* Frameworks */,
			);
			sourceTree = "<group>";
		};
		03D6454624A58F5D005FE6CD /* Products */ = {
			isa = PBXGroup;
			children = (
				03D6454524A58F5D005FE6CD /* NativeDemo.app */,
				03D6456024A58F5F005FE6CD /* NativeDemoTests.xctest */,
				03D6456B24A58F5F005FE6CD /* NativeDemoUITests.xctest */,
			);
			name = Products;
			sourceTree = "<group>";
		};
		03D6454724A58F5D005FE6CD /* NativeDemo */ = {
			isa = PBXGroup;
			children = (
				03D6454824A58F5D005FE6CD /* AppDelegate.h */,
				03D6454924A58F5D005FE6CD /* AppDelegate.m */,
				03D6454B24A58F5D005FE6CD /* SceneDelegate.h */,
				03D6454C24A58F5D005FE6CD /* SceneDelegate.m */,
				03D6454E24A58F5D005FE6CD /* ViewController.h */,
				03D6454F24A58F5D005FE6CD /* ViewController.m */,
				03D6455124A58F5D005FE6CD /* Main.storyboard */,
				03D6455424A58F5F005FE6CD /* Assets.xcassets */,
				03D6455624A58F5F005FE6CD /* LaunchScreen.storyboard */,
				03D6455924A58F5F005FE6CD /* Info.plist */,
				03D6455A24A58F5F005FE6CD /* main.m */,
			);
			path = NativeDemo;
			sourceTree = "<group>";
		};
		03D6456324A58F5F005FE6CD /* NativeDemoTests */ = {
			isa = PBXGroup;
			children = (
				03D6456424A58F5F005FE6CD /* NativeDemoTests.m */,
				03D6456624A58F5F005FE6CD /* Info.plist */,
			);
			path = NativeDemoTests;
			sourceTree = "<group>";
		};
		03D6456E24A58F5F005FE6CD /* NativeDemoUITests */ = {
			isa = PBXGroup;
			children = (
				03D6456F24A58F5F005FE6CD /* NativeDemoUITests.m */,
				03D6457124A58F5F005FE6CD /* Info.plist */,
			);
			path = NativeDemoUITests;
			sourceTree = "<group>";
		};
		37020A800EAAF9EF363A3CD0 /* Frameworks */ = {
			isa = PBXGroup;
			children = (
				874896BD6BBB35FFB321AC2D /* Pods_NativeDemo.framework */,
			);
			name = Frameworks;
			sourceTree = "<group>";
		};
		EC448EBCA8DDEF979D39E2A7 /* Pods */ = {
			isa = PBXGroup;
			children = (
				1D320A88223E682C017B3D04 /* Pods-NativeDemo.debug.xcconfig */,
				18E5A6F55B252B21DEC4B8E0 /* Pods-NativeDemo.release.xcconfig */,
			);
			name = Pods;
			path = Pods;
			sourceTree = "<group>";
		};
/* End PBXGroup section */

/* Begin PBXNativeTarget section */
		03D6454424A58F5D005FE6CD /* NativeDemo */ = {
			isa = PBXNativeTarget;
			buildConfigurationList = 03D6457424A58F5F005FE6CD /* Build configuration list for PBXNativeTarget "NativeDemo" */;
			buildPhases = (
				F14A2F25D390979FAE01BCCD /* [CP] Check Pods Manifest.lock */,
				94A348C234B2DA95484F9B99 /* [CP-User] Run Flutter Build Script */,
				03D6454124A58F5D005FE6CD /* Sources */,
				03D6454224A58F5D005FE6CD /* Frameworks */,
				03D6454324A58F5D005FE6CD /* Resources */,
				980382C0E635DC87A88A08F5 /* [CP] Embed Pods Frameworks */,
			);
			buildRules = (
			);
			dependencies = (
			);
			name = NativeDemo;
			productName = NativeDemo;
			productReference = 03D6454524A58F5D005FE6CD /* NativeDemo.app */;
			productType = "com.apple.product-type.application";
		};
		03D6455F24A58F5F005FE6CD /* NativeDemoTests */ = {
			isa = PBXNativeTarget;
			buildConfigurationList = 03D6457724A58F5F005FE6CD /* Build configuration list for PBXNativeTarget "NativeDemoTests" */;
			buildPhases = (
				03D6455C24A58F5F005FE6CD /* Sources */,
				03D6455D24A58F5F005FE6CD /* Frameworks */,
				03D6455E24A58F5F005FE6CD /* Resources */,
			);
			buildRules = (
			);
			dependencies = (
				03D6456224A58F5F005FE6CD /* PBXTargetDependency */,
			);
			name = NativeDemoTests;
			productName = NativeDemoTests;
			productReference = 03D6456024A58F5F005FE6CD /* NativeDemoTests.xctest */;
			productType = "com.apple.product-type.bundle.unit-test";
		};
		03D6456A24A58F5F005FE6CD /* NativeDemoUITests */ = {
			isa = PBXNativeTarget;
			buildConfigurationList = 03D6457A24A58F5F005FE6CD /* Build configuration list for PBXNativeTarget "NativeDemoUITests" */;
			buildPhases = (
				03D6456724A58F5F005FE6CD /* Sources */,
				03D6456824A58F5F005FE6CD /* Frameworks */,
				03D6456924A58F5F005FE6CD /* Resources */,
			);
			buildRules = (
			);
			dependencies = (
				03D6456D24A58F5F005FE6CD /* PBXTargetDependency */,
			);
			name = NativeDemoUITests;
			productName = NativeDemoUITests;
			productReference = 03D6456B24A58F5F005FE6CD /* NativeDemoUITests.xctest */;
			productType = "com.apple.product-type.bundle.ui-testing";
		};
/* End PBXNativeTarget section */

/* Begin PBXProject section */
		03D6453D24A58F5D005FE6CD /* Project object */ = {
			isa = PBXProject;
			attributes = {
				LastUpgradeCheck = 1150;
				ORGANIZATIONNAME = ws;
				TargetAttributes = {
					03D6454424A58F5D005FE6CD = {
						CreatedOnToolsVersion = 11.5;
					};
					03D6455F24A58F5F005FE6CD = {
						CreatedOnToolsVersion = 11.5;
						TestTargetID = 03D6454424A58F5D005FE6CD;
					};
					03D6456A24A58F5F005FE6CD = {
						CreatedOnToolsVersion = 11.5;
						TestTargetID = 03D6454424A58F5D005FE6CD;
					};
				};
			};
			buildConfigurationList = 03D6454024A58F5D005FE6CD /* Build configuration list for PBXProject "NativeDemo" */;
			compatibilityVersion = "Xcode 9.3";
			developmentRegion = en;
			hasScannedForEncodings = 0;
			knownRegions = (
				en,
				Base,
			);
			mainGroup = 03D6453C24A58F5D005FE6CD;
			productRefGroup = 03D6454624A58F5D005FE6CD /* Products */;
			projectDirPath = "";
			projectRoot = "";
			targets = (
				03D6454424A58F5D005FE6CD /* NativeDemo */,
				03D6455F24A58F5F005FE6CD /* NativeDemoTests */,
				03D6456A24A58F5F005FE6CD /* NativeDemoUITests */,
			);
		};
/* End PBXProject section */

/* Begin PBXResourcesBuildPhase section */
		03D6454324A58F5D005FE6CD /* Resources */ = {
			isa = PBXResourcesBuildPhase;
			buildActionMask = 2147483647;
			files = (
				03D6455824A58F5F005FE6CD /* LaunchScreen.storyboard in Resources */,
				03D6455524A58F5F005FE6CD /* Assets.xcassets in Resources */,
				03D6455324A58F5D005FE6CD /* Main.storyboard in Resources */,
			);
			runOnlyForDeploymentPostprocessing = 0;
		};
		03D6455E24A58F5F005FE6CD /* Resources */ = {
			isa = PBXResourcesBuildPhase;
			buildActionMask = 2147483647;
			files = (
			);
			runOnlyForDeploymentPostprocessing = 0;
		};
		03D6456924A58F5F005FE6CD /* Resources */ = {
			isa = PBXResourcesBuildPhase;
			buildActionMask = 2147483647;
			files = (
			);
			runOnlyForDeploymentPostprocessing = 0;
		};
/* End PBXResourcesBuildPhase section */

/* Begin PBXShellScriptBuildPhase section */
		94A348C234B2DA95484F9B99 /* [CP-User] Run Flutter Build Script */ = {
			isa = PBXShellScriptBuildPhase;
			buildActionMask = 2147483647;
			files = (
			);
			inputPaths = (
				"${SRCROOT}/../flutter_module/.metadata",
				"${SRCROOT}/../flutter_module/.ios/Flutter/App.framework/App",
				"${SRCROOT}/../flutter_module/.ios/Flutter/engine/Flutter.framework/Flutter",
				"${SRCROOT}/../flutter_module/.ios/Flutter/flutter_export_environment.sh",
			);
			name = "[CP-User] Run Flutter Build Script";
			runOnlyForDeploymentPostprocessing = 0;
			shellPath = /bin/sh;
			shellScript = "set -e\nset -u\nsource \"${SRCROOT}/../flutter_module/.ios/Flutter/flutter_export_environment.sh\"\n\"$FLUTTER_ROOT\"/packages/flutter_tools/bin/xcode_backend.sh build";
		};
		980382C0E635DC87A88A08F5 /* [CP] Embed Pods Frameworks */ = {
			isa = PBXShellScriptBuildPhase;
			buildActionMask = 2147483647;
			files = (
			);
			inputFileListPaths = (
				"${PODS_ROOT}/Target Support Files/Pods-NativeDemo/Pods-NativeDemo-frameworks-${CONFIGURATION}-input-files.xcfilelist",
			);
			name = "[CP] Embed Pods Frameworks";
			outputFileListPaths = (
				"${PODS_ROOT}/Target Support Files/Pods-NativeDemo/Pods-NativeDemo-frameworks-${CONFIGURATION}-output-files.xcfilelist",
			);
			runOnlyForDeploymentPostprocessing = 0;
			shellPath = /bin/sh;
			shellScript = "\"${PODS_ROOT}/Target Support Files/Pods-NativeDemo/Pods-NativeDemo-frameworks.sh\"\n";
			showEnvVarsInLog = 0;
		};
		F14A2F25D390979FAE01BCCD /* [CP] Check Pods Manifest.lock */ = {
			isa = PBXShellScriptBuildPhase;
			buildActionMask = 2147483647;
			files = (
			);
			inputFileListPaths = (
			);
			inputPaths = (
				"${PODS_PODFILE_DIR_PATH}/Podfile.lock",
				"${PODS_ROOT}/Manifest.lock",
			);
			name = "[CP] Check Pods Manifest.lock";
			outputFileListPaths = (
			);
			outputPaths = (
				"$(DERIVED_FILE_DIR)/Pods-NativeDemo-checkManifestLockResult.txt",
			);
			runOnlyForDeploymentPostprocessing = 0;
			shellPath = /bin/sh;
			shellScript = "diff \"${PODS_PODFILE_DIR_PATH}/Podfile.lock\" \"${PODS_ROOT}/Manifest.lock\" > /dev/null\nif [ $? != 0 ] ; then\n    # print error to STDERR\n    echo \"error: The sandbox is not in sync with the Podfile.lock. Run 'pod install' or update your CocoaPods installation.\" >&2\n    exit 1\nfi\n# This output is used by Xcode 'outputs' to avoid re-running this script phase.\necho \"SUCCESS\" > \"${SCRIPT_OUTPUT_FILE_0}\"\n";
			showEnvVarsInLog = 0;
		};
/* End PBXShellScriptBuildPhase section */

/* Begin PBXSourcesBuildPhase section */
		03D6454124A58F5D005FE6CD /* Sources */ = {
			isa = PBXSourcesBuildPhase;
			buildActionMask = 2147483647;
			files = (
				03D6455024A58F5D005FE6CD /* ViewController.m in Sources */,
				03D6454A24A58F5D005FE6CD /* AppDelegate.m in Sources */,
				03D6455B24A58F5F005FE6CD /* main.m in Sources */,
				03D6454D24A58F5D005FE6CD /* SceneDelegate.m in Sources */,
			);
			runOnlyForDeploymentPostprocessing = 0;
		};
		03D6455C24A58F5F005FE6CD /* Sources */ = {
			isa = PBXSourcesBuildPhase;
			buildActionMask = 2147483647;
			files = (
				03D6456524A58F5F005FE6CD /* NativeDemoTests.m in Sources */,
			);
			runOnlyForDeploymentPostprocessing = 0;
		};
		03D6456724A58F5F005FE6CD /* Sources */ = {
			isa = PBXSourcesBuildPhase;
			buildActionMask = 2147483647;
			files = (
				03D6457024A58F5F005FE6CD /* NativeDemoUITests.m in Sources */,
			);
			runOnlyForDeploymentPostprocessing = 0;
		};
/* End PBXSourcesBuildPhase section */

/* Begin PBXTargetDependency section */
		03D6456224A58F5F005FE6CD /* PBXTargetDependency */ = {
			isa = PBXTargetDependency;
			target = 03D6454424A58F5D005FE6CD /* NativeDemo */;
			targetProxy = 03D6456124A58F5F005FE6CD /* PBXContainerItemProxy */;
		};
		03D6456D24A58F5F005FE6CD /* PBXTargetDependency */ = {
			isa = PBXTargetDependency;
			target = 03D6454424A58F5D005FE6CD /* NativeDemo */;
			targetProxy = 03D6456C24A58F5F005FE6CD /* PBXContainerItemProxy */;
		};
/* End PBXTargetDependency section */

/* Begin PBXVariantGroup section */
		03D6455124A58F5D005FE6CD /* Main.storyboard */ = {
			isa = PBXVariantGroup;
			children = (
				03D6455224A58F5D005FE6CD /* Base */,
			);
			name = Main.storyboard;
			sourceTree = "<group>";
		};
		03D6455624A58F5F005FE6CD /* LaunchScreen.storyboard */ = {
			isa = PBXVariantGroup;
			children = (
				03D6455724A58F5F005FE6CD /* Base */,
			);
			name = LaunchScreen.storyboard;
			sourceTree = "<group>";
		};
/* End PBXVariantGroup section */

/* Begin XCBuildConfiguration section */
		03D6457224A58F5F005FE6CD /* Debug */ = {
			isa = XCBuildConfiguration;
			buildSettings = {
				ALWAYS_SEARCH_USER_PATHS = NO;
				CLANG_ANALYZER_NONNULL = YES;
				CLANG_ANALYZER_NUMBER_OBJECT_CONVERSION = YES_AGGRESSIVE;
				CLANG_CXX_LANGUAGE_STANDARD = "gnu++14";
				CLANG_CXX_LIBRARY = "libc++";
				CLANG_ENABLE_MODULES = YES;
				CLANG_ENABLE_OBJC_ARC = YES;
				CLANG_ENABLE_OBJC_WEAK = YES;
				CLANG_WARN_BLOCK_CAPTURE_AUTORELEASING = YES;
				CLANG_WARN_BOOL_CONVERSION = YES;
				CLANG_WARN_COMMA = YES;
				CLANG_WARN_CONSTANT_CONVERSION = YES;
				CLANG_WARN_DEPRECATED_OBJC_IMPLEMENTATIONS = YES;
				CLANG_WARN_DIRECT_OBJC_ISA_USAGE = YES_ERROR;
				CLANG_WARN_DOCUMENTATION_COMMENTS = YES;
				CLANG_WARN_EMPTY_BODY = YES;
				CLANG_WARN_ENUM_CONVERSION = YES;
				CLANG_WARN_INFINITE_RECURSION = YES;
				CLANG_WARN_INT_CONVERSION = YES;
				CLANG_WARN_NON_LITERAL_NULL_CONVERSION = YES;
				CLANG_WARN_OBJC_IMPLICIT_RETAIN_SELF = YES;
				CLANG_WARN_OBJC_LITERAL_CONVERSION = YES;
				CLANG_WARN_OBJC_ROOT_CLASS = YES_ERROR;
				CLANG_WARN_RANGE_LOOP_ANALYSIS = YES;
				CLANG_WARN_STRICT_PROTOTYPES = YES;
				CLANG_WARN_SUSPICIOUS_MOVE = YES;
				CLANG_WARN_UNGUARDED_AVAILABILITY = YES_AGGRESSIVE;
				CLANG_WARN_UNREACHABLE_CODE = YES;
				CLANG_WARN__DUPLICATE_METHOD_MATCH = YES;
				COPY_PHASE_STRIP = NO;
				DEBUG_INFORMATION_FORMAT = dwarf;
				ENABLE_STRICT_OBJC_MSGSEND = YES;
				ENABLE_TESTABILITY = YES;
				GCC_C_LANGUAGE_STANDARD = gnu11;
				GCC_DYNAMIC_NO_PIC = NO;
				GCC_NO_COMMON_BLOCKS = YES;
				GCC_OPTIMIZATION_LEVEL = 0;
				GCC_PREPROCESSOR_DEFINITIONS = (
					"DEBUG=1",
					"$(inherited)",
				);
				GCC_WARN_64_TO_32_BIT_CONVERSION = YES;
				GCC_WARN_ABOUT_RETURN_TYPE = YES_ERROR;
				GCC_WARN_UNDECLARED_SELECTOR = YES;
				GCC_WARN_UNINITIALIZED_AUTOS = YES_AGGRESSIVE;
				GCC_WARN_UNUSED_FUNCTION = YES;
				GCC_WARN_UNUSED_VARIABLE = YES;
				IPHONEOS_DEPLOYMENT_TARGET = 13.5;
				MTL_ENABLE_DEBUG_INFO = INCLUDE_SOURCE;
				MTL_FAST_MATH = YES;
				ONLY_ACTIVE_ARCH = YES;
				SDKROOT = iphoneos;
			};
			name = Debug;
		};
		03D6457324A58F5F005FE6CD /* Release */ = {
			isa = XCBuildConfiguration;
			buildSettings = {
				ALWAYS_SEARCH_USER_PATHS = NO;
				CLANG_ANALYZER_NONNULL = YES;
				CLANG_ANALYZER_NUMBER_OBJECT_CONVERSION = YES_AGGRESSIVE;
				CLANG_CXX_LANGUAGE_STANDARD = "gnu++14";
				CLANG_CXX_LIBRARY = "libc++";
				CLANG_ENABLE_MODULES = YES;
				CLANG_ENABLE_OBJC_ARC = YES;
				CLANG_ENABLE_OBJC_WEAK = YES;
				CLANG_WARN_BLOCK_CAPTURE_AUTORELEASING = YES;
				CLANG_WARN_BOOL_CONVERSION = YES;
				CLANG_WARN_COMMA = YES;
				CLANG_WARN_CONSTANT_CONVERSION = YES;
				CLANG_WARN_DEPRECATED_OBJC_IMPLEMENTATIONS = YES;
				CLANG_WARN_DIRECT_OBJC_ISA_USAGE = YES_ERROR;
				CLANG_WARN_DOCUMENTATION_COMMENTS = YES;
				CLANG_WARN_EMPTY_BODY = YES;
				CLANG_WARN_ENUM_CONVERSION = YES;
				CLANG_WARN_INFINITE_RECURSION = YES;
				CLANG_WARN_INT_CONVERSION = YES;
				CLANG_WARN_NON_LITERAL_NULL_CONVERSION = YES;
				CLANG_WARN_OBJC_IMPLICIT_RETAIN_SELF = YES;
				CLANG_WARN_OBJC_LITERAL_CONVERSION = YES;
				CLANG_WARN_OBJC_ROOT_CLASS = YES_ERROR;
				CLANG_WARN_RANGE_LOOP_ANALYSIS = YES;
				CLANG_WARN_STRICT_PROTOTYPES = YES;
				CLANG_WARN_SUSPICIOUS_MOVE = YES;
				CLANG_WARN_UNGUARDED_AVAILABILITY = YES_AGGRESSIVE;
				CLANG_WARN_UNREACHABLE_CODE = YES;
				CLANG_WARN__DUPLICATE_METHOD_MATCH = YES;
				COPY_PHASE_STRIP = NO;
				DEBUG_INFORMATION_FORMAT = "dwarf-with-dsym";
				ENABLE_NS_ASSERTIONS = NO;
				ENABLE_STRICT_OBJC_MSGSEND = YES;
				GCC_C_LANGUAGE_STANDARD = gnu11;
				GCC_NO_COMMON_BLOCKS = YES;
				GCC_WARN_64_TO_32_BIT_CONVERSION = YES;
				GCC_WARN_ABOUT_RETURN_TYPE = YES_ERROR;
				GCC_WARN_UNDECLARED_SELECTOR = YES;
				GCC_WARN_UNINITIALIZED_AUTOS = YES_AGGRESSIVE;
				GCC_WARN_UNUSED_FUNCTION = YES;
				GCC_WARN_UNUSED_VARIABLE = YES;
				IPHONEOS_DEPLOYMENT_TARGET = 13.5;
				MTL_ENABLE_DEBUG_INFO = NO;
				MTL_FAST_MATH = YES;
				SDKROOT = iphoneos;
				VALIDATE_PRODUCT = YES;
			};
			name = Release;
		};
		03D6457524A58F5F005FE6CD /* Debug */ = {
			isa = XCBuildConfiguration;
			baseConfigurationReference = 1D320A88223E682C017B3D04 /* Pods-NativeDemo.debug.xcconfig */;
			buildSettings = {
				ASSETCATALOG_COMPILER_APPICON_NAME = AppIcon;
				CODE_SIGN_STYLE = Automatic;
				INFOPLIST_FILE = NativeDemo/Info.plist;
				LD_RUNPATH_SEARCH_PATHS = (
					"$(inherited)",
					"@executable_path/Frameworks",
				);
				PRODUCT_BUNDLE_IDENTIFIER = com.NativeDemo;
				PRODUCT_NAME = "$(TARGET_NAME)";
				TARGETED_DEVICE_FAMILY = "1,2";
			};
			name = Debug;
		};
		03D6457624A58F5F005FE6CD /* Release */ = {
			isa = XCBuildConfiguration;
			baseConfigurationReference = 18E5A6F55B252B21DEC4B8E0 /* Pods-NativeDemo.release.xcconfig */;
			buildSettings = {
				ASSETCATALOG_COMPILER_APPICON_NAME = AppIcon;
				CODE_SIGN_STYLE = Automatic;
				INFOPLIST_FILE = NativeDemo/Info.plist;
				LD_RUNPATH_SEARCH_PATHS = (
					"$(inherited)",
					"@executable_path/Frameworks",
				);
				PRODUCT_BUNDLE_IDENTIFIER = com.NativeDemo;
				PRODUCT_NAME = "$(TARGET_NAME)";
				TARGETED_DEVICE_FAMILY = "1,2";
			};
			name = Release;
		};
		03D6457824A58F5F005FE6CD /* Debug */ = {
			isa = XCBuildConfiguration;
			buildSettings = {
				BUNDLE_LOADER = "$(TEST_HOST)";
				CODE_SIGN_STYLE = Automatic;
				INFOPLIST_FILE = NativeDemoTests/Info.plist;
				IPHONEOS_DEPLOYMENT_TARGET = 13.5;
				LD_RUNPATH_SEARCH_PATHS = (
					"$(inherited)",
					"@executable_path/Frameworks",
					"@loader_path/Frameworks",
				);
				PRODUCT_BUNDLE_IDENTIFIER = com.NativeDemoTests;
				PRODUCT_NAME = "$(TARGET_NAME)";
				TARGETED_DEVICE_FAMILY = "1,2";
				TEST_HOST = "$(BUILT_PRODUCTS_DIR)/NativeDemo.app/NativeDemo";
			};
			name = Debug;
		};
		03D6457924A58F5F005FE6CD /* Release */ = {
			isa = XCBuildConfiguration;
			buildSettings = {
				BUNDLE_LOADER = "$(TEST_HOST)";
				CODE_SIGN_STYLE = Automatic;
				INFOPLIST_FILE = NativeDemoTests/Info.plist;
				IPHONEOS_DEPLOYMENT_TARGET = 13.5;
				LD_RUNPATH_SEARCH_PATHS = (
					"$(inherited)",
					"@executable_path/Frameworks",
					"@loader_path/Frameworks",
				);
				PRODUCT_BUNDLE_IDENTIFIER = com.NativeDemoTests;
				PRODUCT_NAME = "$(TARGET_NAME)";
				TARGETED_DEVICE_FAMILY = "1,2";
				TEST_HOST = "$(BUILT_PRODUCTS_DIR)/NativeDemo.app/NativeDemo";
			};
			name = Release;
		};
		03D6457B24A58F5F005FE6CD /* Debug */ = {
			isa = XCBuildConfiguration;
			buildSettings = {
				CODE_SIGN_STYLE = Automatic;
				INFOPLIST_FILE = NativeDemoUITests/Info.plist;
				LD_RUNPATH_SEARCH_PATHS = (
					"$(inherited)",
					"@executable_path/Frameworks",
					"@loader_path/Frameworks",
				);
				PRODUCT_BUNDLE_IDENTIFIER = com.NativeDemoUITests;
				PRODUCT_NAME = "$(TARGET_NAME)";
				TARGETED_DEVICE_FAMILY = "1,2";
				TEST_TARGET_NAME = NativeDemo;
			};
			name = Debug;
		};
		03D6457C24A58F5F005FE6CD /* Release */ = {
			isa = XCBuildConfiguration;
			buildSettings = {
				CODE_SIGN_STYLE = Automatic;
				INFOPLIST_FILE = NativeDemoUITests/Info.plist;
				LD_RUNPATH_SEARCH_PATHS = (
					"$(inherited)",
					"@executable_path/Frameworks",
					"@loader_path/Frameworks",
				);
				PRODUCT_BUNDLE_IDENTIFIER = com.NativeDemoUITests;
				PRODUCT_NAME = "$(TARGET_NAME)";
				TARGETED_DEVICE_FAMILY = "1,2";
				TEST_TARGET_NAME = NativeDemo;
			};
			name = Release;
		};
/* End XCBuildConfiguration section */

/* Begin XCConfigurationList section */
		03D6454024A58F5D005FE6CD /* Build configuration list for PBXProject "NativeDemo" */ = {
			isa = XCConfigurationList;
			buildConfigurations = (
				03D6457224A58F5F005FE6CD /* Debug */,
				03D6457324A58F5F005FE6CD /* Release */,
			);
			defaultConfigurationIsVisible = 0;
			defaultConfigurationName = Release;
		};
		03D6457424A58F5F005FE6CD /* Build configuration list for PBXNativeTarget "NativeDemo" */ = {
			isa = XCConfigurationList;
			buildConfigurations = (
				03D6457524A58F5F005FE6CD /* Debug */,
				03D6457624A58F5F005FE6CD /* Release */,
			);
			defaultConfigurationIsVisible = 0;
			defaultConfigurationName = Release;
		};
		03D6457724A58F5F005FE6CD /* Build configuration list for PBXNativeTarget "NativeDemoTests" */ = {
			isa = XCConfigurationList;
			buildConfigurations = (
				03D6457824A58F5F005FE6CD /* Debug */,
				03D6457924A58F5F005FE6CD /* Release */,
			);
			defaultConfigurationIsVisible = 0;
			defaultConfigurationName = Release;
		};
		03D6457A24A58F5F005FE6CD /* Build configuration list for PBXNativeTarget "NativeDemoUITests" */ = {
			isa = XCConfigurationList;
			buildConfigurations = (
				03D6457B24A58F5F005FE6CD /* Debug */,
				03D6457C24A58F5F005FE6CD /* Release */,
			);
			defaultConfigurationIsVisible = 0;
			defaultConfigurationName = Release;
		};
/* End XCConfigurationList section */
	};
	rootObject = 03D6453D24A58F5D005FE6CD /* Project object */;
}
